{
  "version": 4,
  "terraform_version": "1.10.3",
  "serial": 1,
  "lineage": "4e651520-ff9f-6198-6202-395b12096c24",
  "outputs": {},
  "resources": [
    {
      "mode": "data",
      "type": "aws_vpc",
      "name": "data-source",
      "provider": "provider[\"registry.terraform.io/hashicorp/aws\"]",
      "instances": [
        {
          "schema_version": 0,
          "attributes": {
            "arn": "arn:aws:ec2:us-east-1:739275457221:vpc/vpc-013039b7771807dcb",
            "cidr_block": "10.0.0.0/16",
            "cidr_block_associations": [
              {
                "association_id": "vpc-cidr-assoc-0201f624f0657417d",
                "cidr_block": "10.0.0.0/16",
                "state": "associated"
              }
            ],
            "default": false,
            "dhcp_options_id": "dopt-01b2f3f9d0ea5e8ae",
            "enable_dns_hostnames": false,
            "enable_dns_support": true,
            "enable_network_address_usage_metrics": false,
            "filter": null,
            "id": "vpc-013039b7771807dcb",
            "instance_tenancy": "default",
            "ipv6_association_id": "",
            "ipv6_cidr_block": "",
            "main_route_table_id": "rtb-01426b5546c406deb",
            "owner_id": "739275457221",
            "state": null,
            "tags": {
              "Name": "data-source"
            },
            "timeouts": null
          },
          "sensitive_attributes": []
        }
      ]
    },
    {
      "mode": "managed",
      "type": "aws_internet_gateway",
      "name": "data-source-igw",
      "provider": "provider[\"registry.terraform.io/hashicorp/aws\"]",
      "instances": [
        {
          "schema_version": 0,
          "attributes": {
            "arn": "arn:aws:ec2:us-east-1:739275457221:internet-gateway/igw-07d7d241567e49cd3",
            "id": "igw-07d7d241567e49cd3",
            "owner_id": "739275457221",
            "tags": {
              "Name": "data-source-igw"
            },
            "tags_all": {
              "Name": "data-source-igw"
            },
            "timeouts": null,
            "vpc_id": "vpc-013039b7771807dcb"
          },
          "sensitive_attributes": [],
          "private": "eyJlMmJmYjczMC1lY2FhLTExZTYtOGY4OC0zNDM2M2JjN2M0YzAiOnsiY3JlYXRlIjoxMjAwMDAwMDAwMDAwLCJkZWxldGUiOjEyMDAwMDAwMDAwMDAsInVwZGF0ZSI6MTIwMDAwMDAwMDAwMH19",
          "dependencies": [
            "data.aws_vpc.data-source"
          ]
        }
      ]
    }
  ],
  "check_results": null
}
